// !$*UTF8*$!
{
	archiveVersion = 1;
	classes = {
	};
	objectVersion = 56;
	objects = {

/* Begin PBXBuildFile section */
		E3326BB029FE772C00248C8F /* DartsScoreApp.swift in Sources */ = {isa = PBXBuildFile; fileRef = E3326BAF29FE772C00248C8F /* DartsScoreApp.swift */; };
		E3326BB229FE772C00248C8F /* MainMenuView.swift in Sources */ = {isa = PBXBuildFile; fileRef = E3326BB129FE772C00248C8F /* MainMenuView.swift */; };
		E3326BB429FE772D00248C8F /* Assets.xcassets in Resources */ = {isa = PBXBuildFile; fileRef = E3326BB329FE772D00248C8F /* Assets.xcassets */; };
		E3326BB829FE772D00248C8F /* Preview Assets.xcassets in Resources */ = {isa = PBXBuildFile; fileRef = E3326BB729FE772D00248C8F /* Preview Assets.xcassets */; };
		E376ED572A06C92400F1FC98 /* Shape+Fill.swift in Sources */ = {isa = PBXBuildFile; fileRef = E376ED562A06C92400F1FC98 /* Shape+Fill.swift */; };
		E3A78D6B29FEA7AB00A1F439 /* CricketGame in Frameworks */ = {isa = PBXBuildFile; productRef = E3A78D6A29FEA7AB00A1F439 /* CricketGame */; };
		E3A78D6D29FEA7BE00A1F439 /* CricketGameView.swift in Sources */ = {isa = PBXBuildFile; fileRef = E3A78D6C29FEA7BE00A1F439 /* CricketGameView.swift */; };
		E3A78D7029FEA88400A1F439 /* Defaults in Frameworks */ = {isa = PBXBuildFile; productRef = E3A78D6F29FEA88400A1F439 /* Defaults */; };
		E3A78D7329FEA8DA00A1F439 /* DartsScore+Defaults.swift in Sources */ = {isa = PBXBuildFile; fileRef = E3A78D7229FEA8DA00A1F439 /* DartsScore+Defaults.swift */; };
		E3D75C272A0F8EDF00ABFFBD /* CricketGameSettingsView.swift in Sources */ = {isa = PBXBuildFile; fileRef = E3D75C262A0F8EDF00ABFFBD /* CricketGameSettingsView.swift */; };
/* End PBXBuildFile section */

/* Begin PBXFileReference section */
		E3326BAC29FE772C00248C8F /* DartsScore.app */ = {isa = PBXFileReference; explicitFileType = wrapper.application; includeInIndex = 0; path = DartsScore.app; sourceTree = BUILT_PRODUCTS_DIR; };
		E3326BAF29FE772C00248C8F /* DartsScoreApp.swift */ = {isa = PBXFileReference; lastKnownFileType = sourcecode.swift; path = DartsScoreApp.swift; sourceTree = "<group>"; };
		E3326BB129FE772C00248C8F /* MainMenuView.swift */ = {isa = PBXFileReference; lastKnownFileType = sourcecode.swift; path = MainMenuView.swift; sourceTree = "<group>"; };
		E3326BB329FE772D00248C8F /* Assets.xcassets */ = {isa = PBXFileReference; lastKnownFileType = folder.assetcatalog; path = Assets.xcassets; sourceTree = "<group>"; };
		E3326BB529FE772D00248C8F /* DartsScore.entitlements */ = {isa = PBXFileReference; lastKnownFileType = text.plist.entitlements; path = DartsScore.entitlements; sourceTree = "<group>"; };
		E3326BB729FE772D00248C8F /* Preview Assets.xcassets */ = {isa = PBXFileReference; lastKnownFileType = folder.assetcatalog; path = "Preview Assets.xcassets"; sourceTree = "<group>"; };
		E3326BC329FE77E200248C8F /* Packages */ = {isa = PBXFileReference; lastKnownFileType = wrapper; name = Packages; path = DartsScore/Packages; sourceTree = "<group>"; };
		E376ED562A06C92400F1FC98 /* Shape+Fill.swift */ = {isa = PBXFileReference; lastKnownFileType = sourcecode.swift; path = "Shape+Fill.swift"; sourceTree = "<group>"; };
		E3A78D6C29FEA7BE00A1F439 /* CricketGameView.swift */ = {isa = PBXFileReference; lastKnownFileType = sourcecode.swift; path = CricketGameView.swift; sourceTree = "<group>"; };
		E3A78D7229FEA8DA00A1F439 /* DartsScore+Defaults.swift */ = {isa = PBXFileReference; lastKnownFileType = sourcecode.swift; path = "DartsScore+Defaults.swift"; sourceTree = "<group>"; };
		E3D75C262A0F8EDF00ABFFBD /* CricketGameSettingsView.swift */ = {isa = PBXFileReference; lastKnownFileType = sourcecode.swift; path = CricketGameSettingsView.swift; sourceTree = "<group>"; };
/* End PBXFileReference section */

/* Begin PBXFrameworksBuildPhase section */
		E3326BA929FE772C00248C8F /* Frameworks */ = {
			isa = PBXFrameworksBuildPhase;
			buildActionMask = 2147483647;
			files = (
				E3A78D7029FEA88400A1F439 /* Defaults in Frameworks */,
				E3A78D6B29FEA7AB00A1F439 /* CricketGame in Frameworks */,
			);
			runOnlyForDeploymentPostprocessing = 0;
		};
/* End PBXFrameworksBuildPhase section */

/* Begin PBXGroup section */
		E3326BA329FE772C00248C8F = {
			isa = PBXGroup;
			children = (
				E3326BAE29FE772C00248C8F /* DartsScore */,
				E3326BC329FE77E200248C8F /* Packages */,
				E3326BAD29FE772C00248C8F /* Products */,
				E3A78D6929FEA7AB00A1F439 /* Frameworks */,
			);
			sourceTree = "<group>";
		};
		E3326BAD29FE772C00248C8F /* Products */ = {
			isa = PBXGroup;
			children = (
				E3326BAC29FE772C00248C8F /* DartsScore.app */,
			);
			name = Products;
			sourceTree = "<group>";
		};
		E3326BAE29FE772C00248C8F /* DartsScore */ = {
			isa = PBXGroup;
			children = (
				E3326BC029FE775200248C8F /* Application */,
				E3326BBF29FE774E00248C8F /* Views */,
				E3A78D7129FEA8B300A1F439 /* Extensions */,
				E3326BBE29FE773F00248C8F /* Support Files */,
			);
			path = DartsScore;
			sourceTree = "<group>";
		};
		E3326BB629FE772D00248C8F /* Preview Content */ = {
			isa = PBXGroup;
			children = (
				E3326BB729FE772D00248C8F /* Preview Assets.xcassets */,
			);
			path = "Preview Content";
			sourceTree = "<group>";
		};
		E3326BBE29FE773F00248C8F /* Support Files */ = {
			isa = PBXGroup;
			children = (
				E3326BB329FE772D00248C8F /* Assets.xcassets */,
				E3326BB529FE772D00248C8F /* DartsScore.entitlements */,
				E3326BB629FE772D00248C8F /* Preview Content */,
			);
			path = "Support Files";
			sourceTree = "<group>";
		};
		E3326BBF29FE774E00248C8F /* Views */ = {
			isa = PBXGroup;
			children = (
				E3326BB129FE772C00248C8F /* MainMenuView.swift */,
				E3D75C282A0F931000ABFFBD /* Cricket */,
			);
			path = Views;
			sourceTree = "<group>";
		};
		E3326BC029FE775200248C8F /* Application */ = {
			isa = PBXGroup;
			children = (
				E3326BAF29FE772C00248C8F /* DartsScoreApp.swift */,
			);
			path = Application;
			sourceTree = "<group>";
		};
		E3A78D6929FEA7AB00A1F439 /* Frameworks */ = {
			isa = PBXGroup;
			children = (
			);
			name = Frameworks;
			sourceTree = "<group>";
		};
		E3A78D7129FEA8B300A1F439 /* Extensions */ = {
			isa = PBXGroup;
			children = (
				E3A78D7229FEA8DA00A1F439 /* DartsScore+Defaults.swift */,
				E376ED562A06C92400F1FC98 /* Shape+Fill.swift */,
			);
			path = Extensions;
			sourceTree = "<group>";
		};
		E3D75C282A0F931000ABFFBD /* Cricket */ = {
			isa = PBXGroup;
			children = (
				E3A78D6C29FEA7BE00A1F439 /* CricketGameView.swift */,
				E3D75C262A0F8EDF00ABFFBD /* CricketGameSettingsView.swift */,
			);
			path = Cricket;
			sourceTree = "<group>";
		};
/* End PBXGroup section */

/* Begin PBXNativeTarget section */
		E3326BAB29FE772C00248C8F /* DartsScore */ = {
			isa = PBXNativeTarget;
			buildConfigurationList = E3326BBB29FE772D00248C8F /* Build configuration list for PBXNativeTarget "DartsScore" */;
			buildPhases = (
				E3326BA829FE772C00248C8F /* Sources */,
				E3326BA929FE772C00248C8F /* Frameworks */,
				E3326BAA29FE772C00248C8F /* Resources */,
			);
			buildRules = (
			);
			dependencies = (
			);
			name = DartsScore;
			packageProductDependencies = (
				E3A78D6A29FEA7AB00A1F439 /* CricketGame */,
				E3A78D6F29FEA88400A1F439 /* Defaults */,
			);
			productName = DartsScore;
			productReference = E3326BAC29FE772C00248C8F /* DartsScore.app */;
			productType = "com.apple.product-type.application";
		};
/* End PBXNativeTarget section */

/* Begin PBXProject section */
		E3326BA429FE772C00248C8F /* Project object */ = {
			isa = PBXProject;
			attributes = {
				BuildIndependentTargetsInParallel = 1;
				LastSwiftUpdateCheck = 1430;
				LastUpgradeCheck = 1430;
				TargetAttributes = {
					E3326BAB29FE772C00248C8F = {
						CreatedOnToolsVersion = 14.3;
					};
				};
			};
			buildConfigurationList = E3326BA729FE772C00248C8F /* Build configuration list for PBXProject "DartsScore" */;
			compatibilityVersion = "Xcode 14.0";
			developmentRegion = en;
			hasScannedForEncodings = 0;
			knownRegions = (
				en,
				Base,
			);
			mainGroup = E3326BA329FE772C00248C8F;
			packageReferences = (
				E3A78D6E29FEA88400A1F439 /* XCRemoteSwiftPackageReference "Defaults" */,
			);
			productRefGroup = E3326BAD29FE772C00248C8F /* Products */;
			projectDirPath = "";
			projectRoot = "";
			targets = (
				E3326BAB29FE772C00248C8F /* DartsScore */,
			);
		};
/* End PBXProject section */

/* Begin PBXResourcesBuildPhase section */
		E3326BAA29FE772C00248C8F /* Resources */ = {
			isa = PBXResourcesBuildPhase;
			buildActionMask = 2147483647;
			files = (
				E3326BB829FE772D00248C8F /* Preview Assets.xcassets in Resources */,
				E3326BB429FE772D00248C8F /* Assets.xcassets in Resources */,
			);
			runOnlyForDeploymentPostprocessing = 0;
		};
/* End PBXResourcesBuildPhase section */

/* Begin PBXSourcesBuildPhase section */
		E3326BA829FE772C00248C8F /* Sources */ = {
			isa = PBXSourcesBuildPhase;
			buildActionMask = 2147483647;
			files = (
				E3326BB229FE772C00248C8F /* MainMenuView.swift in Sources */,
				E3D75C272A0F8EDF00ABFFBD /* CricketGameSettingsView.swift in Sources */,
				E3A78D7329FEA8DA00A1F439 /* DartsScore+Defaults.swift in Sources */,
				E376ED572A06C92400F1FC98 /* Shape+Fill.swift in Sources */,
				E3326BB029FE772C00248C8F /* DartsScoreApp.swift in Sources */,
				E3A78D6D29FEA7BE00A1F439 /* CricketGameView.swift in Sources */,
			);
			runOnlyForDeploymentPostprocessing = 0;
		};
/* End PBXSourcesBuildPhase section */

/* Begin XCBuildConfiguration section */
		E3326BB929FE772D00248C8F /* Debug */ = {
			isa = XCBuildConfiguration;
			buildSettings = {
				ALWAYS_SEARCH_USER_PATHS = NO;
				CLANG_ANALYZER_NONNULL = YES;
				CLANG_ANALYZER_NUMBER_OBJECT_CONVERSION = YES_AGGRESSIVE;
				CLANG_CXX_LANGUAGE_STANDARD = "gnu++20";
				CLANG_ENABLE_MODULES = YES;
				CLANG_ENABLE_OBJC_ARC = YES;
				CLANG_ENABLE_OBJC_WEAK = YES;
				CLANG_WARN_BLOCK_CAPTURE_AUTORELEASING = YES;
				CLANG_WARN_BOOL_CONVERSION = YES;
				CLANG_WARN_COMMA = YES;
				CLANG_WARN_CONSTANT_CONVERSION = YES;
				CLANG_WARN_DEPRECATED_OBJC_IMPLEMENTATIONS = YES;
				CLANG_WARN_DIRECT_OBJC_ISA_USAGE = YES_ERROR;
				CLANG_WARN_DOCUMENTATION_COMMENTS = YES;
				CLANG_WARN_EMPTY_BODY = YES;
				CLANG_WARN_ENUM_CONVERSION = YES;
				CLANG_WARN_INFINITE_RECURSION = YES;
				CLANG_WARN_INT_CONVERSION = YES;
				CLANG_WARN_NON_LITERAL_NULL_CONVERSION = YES;
				CLANG_WARN_OBJC_IMPLICIT_RETAIN_SELF = YES;
				CLANG_WARN_OBJC_LITERAL_CONVERSION = YES;
				CLANG_WARN_OBJC_ROOT_CLASS = YES_ERROR;
				CLANG_WARN_QUOTED_INCLUDE_IN_FRAMEWORK_HEADER = YES;
				CLANG_WARN_RANGE_LOOP_ANALYSIS = YES;
				CLANG_WARN_STRICT_PROTOTYPES = YES;
				CLANG_WARN_SUSPICIOUS_MOVE = YES;
				CLANG_WARN_UNGUARDED_AVAILABILITY = YES_AGGRESSIVE;
				CLANG_WARN_UNREACHABLE_CODE = YES;
				CLANG_WARN__DUPLICATE_METHOD_MATCH = YES;
				COPY_PHASE_STRIP = NO;
				DEBUG_INFORMATION_FORMAT = dwarf;
				ENABLE_STRICT_OBJC_MSGSEND = YES;
				ENABLE_TESTABILITY = YES;
				GCC_C_LANGUAGE_STANDARD = gnu11;
				GCC_DYNAMIC_NO_PIC = NO;
				GCC_NO_COMMON_BLOCKS = YES;
				GCC_OPTIMIZATION_LEVEL = 0;
				GCC_PREPROCESSOR_DEFINITIONS = (
					"DEBUG=1",
					"$(inherited)",
				);
				GCC_WARN_64_TO_32_BIT_CONVERSION = YES;
				GCC_WARN_ABOUT_RETURN_TYPE = YES_ERROR;
				GCC_WARN_UNDECLARED_SELECTOR = YES;
				GCC_WARN_UNINITIALIZED_AUTOS = YES_AGGRESSIVE;
				GCC_WARN_UNUSED_FUNCTION = YES;
				GCC_WARN_UNUSED_VARIABLE = YES;
				MTL_ENABLE_DEBUG_INFO = INCLUDE_SOURCE;
				MTL_FAST_MATH = YES;
				ONLY_ACTIVE_ARCH = YES;
				SWIFT_ACTIVE_COMPILATION_CONDITIONS = DEBUG;
				SWIFT_OPTIMIZATION_LEVEL = "-Onone";
			};
			name = Debug;
		};
		E3326BBA29FE772D00248C8F /* Release */ = {
			isa = XCBuildConfiguration;
			buildSettings = {
				ALWAYS_SEARCH_USER_PATHS = NO;
				CLANG_ANALYZER_NONNULL = YES;
				CLANG_ANALYZER_NUMBER_OBJECT_CONVERSION = YES_AGGRESSIVE;
				CLANG_CXX_LANGUAGE_STANDARD = "gnu++20";
				CLANG_ENABLE_MODULES = YES;
				CLANG_ENABLE_OBJC_ARC = YES;
				CLANG_ENABLE_OBJC_WEAK = YES;
				CLANG_WARN_BLOCK_CAPTURE_AUTORELEASING = YES;
				CLANG_WARN_BOOL_CONVERSION = YES;
				CLANG_WARN_COMMA = YES;
				CLANG_WARN_CONSTANT_CONVERSION = YES;
				CLANG_WARN_DEPRECATED_OBJC_IMPLEMENTATIONS = YES;
				CLANG_WARN_DIRECT_OBJC_ISA_USAGE = YES_ERROR;
				CLANG_WARN_DOCUMENTATION_COMMENTS = YES;
				CLANG_WARN_EMPTY_BODY = YES;
				CLANG_WARN_ENUM_CONVERSION = YES;
				CLANG_WARN_INFINITE_RECURSION = YES;
				CLANG_WARN_INT_CONVERSION = YES;
				CLANG_WARN_NON_LITERAL_NULL_CONVERSION = YES;
				CLANG_WARN_OBJC_IMPLICIT_RETAIN_SELF = YES;
				CLANG_WARN_OBJC_LITERAL_CONVERSION = YES;
				CLANG_WARN_OBJC_ROOT_CLASS = YES_ERROR;
				CLANG_WARN_QUOTED_INCLUDE_IN_FRAMEWORK_HEADER = YES;
				CLANG_WARN_RANGE_LOOP_ANALYSIS = YES;
				CLANG_WARN_STRICT_PROTOTYPES = YES;
				CLANG_WARN_SUSPICIOUS_MOVE = YES;
				CLANG_WARN_UNGUARDED_AVAILABILITY = YES_AGGRESSIVE;
				CLANG_WARN_UNREACHABLE_CODE = YES;
				CLANG_WARN__DUPLICATE_METHOD_MATCH = YES;
				COPY_PHASE_STRIP = NO;
				DEBUG_INFORMATION_FORMAT = "dwarf-with-dsym";
				ENABLE_NS_ASSERTIONS = NO;
				ENABLE_STRICT_OBJC_MSGSEND = YES;
				GCC_C_LANGUAGE_STANDARD = gnu11;
				GCC_NO_COMMON_BLOCKS = YES;
				GCC_WARN_64_TO_32_BIT_CONVERSION = YES;
				GCC_WARN_ABOUT_RETURN_TYPE = YES_ERROR;
				GCC_WARN_UNDECLARED_SELECTOR = YES;
				GCC_WARN_UNINITIALIZED_AUTOS = YES_AGGRESSIVE;
				GCC_WARN_UNUSED_FUNCTION = YES;
				GCC_WARN_UNUSED_VARIABLE = YES;
				MTL_ENABLE_DEBUG_INFO = NO;
				MTL_FAST_MATH = YES;
				SWIFT_COMPILATION_MODE = wholemodule;
				SWIFT_OPTIMIZATION_LEVEL = "-O";
			};
			name = Release;
		};
		E3326BBC29FE772D00248C8F /* Debug */ = {
			isa = XCBuildConfiguration;
			buildSettings = {
				ASSETCATALOG_COMPILER_APPICON_NAME = AppIcon;
				ASSETCATALOG_COMPILER_GLOBAL_ACCENT_COLOR_NAME = AccentColor;
				ASSETCATALOG_COMPILER_INCLUDE_ALL_APPICON_ASSETS = YES;
				CODE_SIGN_ENTITLEMENTS = "DartsScore/Support Files/DartsScore.entitlements";
				CODE_SIGN_STYLE = Automatic;
				CURRENT_PROJECT_VERSION = 3;
				DEVELOPMENT_ASSET_PATHS = "\"DartsScore/Support Files/Preview Content\"";
				DEVELOPMENT_TEAM = YUN383XGPH;
				ENABLE_HARDENED_RUNTIME = YES;
				ENABLE_PREVIEWS = YES;
				GENERATE_INFOPLIST_FILE = YES;
				INFOPLIST_KEY_LSApplicationCategoryType = "public.app-category.utilities";
				"INFOPLIST_KEY_UIApplicationSceneManifest_Generation[sdk=iphoneos*]" = YES;
				"INFOPLIST_KEY_UIApplicationSceneManifest_Generation[sdk=iphonesimulator*]" = YES;
				"INFOPLIST_KEY_UIApplicationSupportsIndirectInputEvents[sdk=iphoneos*]" = YES;
				"INFOPLIST_KEY_UIApplicationSupportsIndirectInputEvents[sdk=iphonesimulator*]" = YES;
				"INFOPLIST_KEY_UILaunchScreen_Generation[sdk=iphoneos*]" = YES;
				"INFOPLIST_KEY_UILaunchScreen_Generation[sdk=iphonesimulator*]" = YES;
				"INFOPLIST_KEY_UIStatusBarStyle[sdk=iphoneos*]" = UIStatusBarStyleDefault;
				"INFOPLIST_KEY_UIStatusBarStyle[sdk=iphonesimulator*]" = UIStatusBarStyleDefault;
				INFOPLIST_KEY_UISupportedInterfaceOrientations_iPad = "UIInterfaceOrientationPortrait UIInterfaceOrientationPortraitUpsideDown UIInterfaceOrientationLandscapeLeft UIInterfaceOrientationLandscapeRight";
				INFOPLIST_KEY_UISupportedInterfaceOrientations_iPhone = "UIInterfaceOrientationPortrait UIInterfaceOrientationLandscapeLeft UIInterfaceOrientationLandscapeRight";
				IPHONEOS_DEPLOYMENT_TARGET = 16.4;
				LD_RUNPATH_SEARCH_PATHS = "@executable_path/Frameworks";
				"LD_RUNPATH_SEARCH_PATHS[sdk=macosx*]" = "@executable_path/../Frameworks";
				MACOSX_DEPLOYMENT_TARGET = 13.3;
				MARKETING_VERSION = 1.0;
				PRODUCT_BUNDLE_IDENTIFIER = me.kevinrpb.DartsScore;
				PRODUCT_NAME = "$(TARGET_NAME)";
				SDKROOT = auto;
				SUPPORTED_PLATFORMS = "iphoneos iphonesimulator";
				SUPPORTS_MACCATALYST = NO;
				SUPPORTS_MAC_DESIGNED_FOR_IPHONE_IPAD = NO;
				SWIFT_EMIT_LOC_STRINGS = YES;
				SWIFT_VERSION = 5.0;
				TARGETED_DEVICE_FAMILY = 1;
			};
			name = Debug;
		};
		E3326BBD29FE772D00248C8F /* Release */ = {
			isa = XCBuildConfiguration;
			buildSettings = {
				ASSETCATALOG_COMPILER_APPICON_NAME = AppIcon;
				ASSETCATALOG_COMPILER_GLOBAL_ACCENT_COLOR_NAME = AccentColor;
				ASSETCATALOG_COMPILER_INCLUDE_ALL_APPICON_ASSETS = YES;
				CODE_SIGN_ENTITLEMENTS = "DartsScore/Support Files/DartsScore.entitlements";
				CODE_SIGN_STYLE = Automatic;
				CURRENT_PROJECT_VERSION = 3;
				DEVELOPMENT_ASSET_PATHS = "\"DartsScore/Support Files/Preview Content\"";
				DEVELOPMENT_TEAM = YUN383XGPH;
				ENABLE_HARDENED_RUNTIME = YES;
				ENABLE_PREVIEWS = YES;
				GENERATE_INFOPLIST_FILE = YES;
				INFOPLIST_KEY_LSApplicationCategoryType = "public.app-category.utilities";
				"INFOPLIST_KEY_UIApplicationSceneManifest_Generation[sdk=iphoneos*]" = YES;
				"INFOPLIST_KEY_UIApplicationSceneManifest_Generation[sdk=iphonesimulator*]" = YES;
				"INFOPLIST_KEY_UIApplicationSupportsIndirectInputEvents[sdk=iphoneos*]" = YES;
				"INFOPLIST_KEY_UIApplicationSupportsIndirectInputEvents[sdk=iphonesimulator*]" = YES;
				"INFOPLIST_KEY_UILaunchScreen_Generation[sdk=iphoneos*]" = YES;
				"INFOPLIST_KEY_UILaunchScreen_Generation[sdk=iphonesimulator*]" = YES;
				"INFOPLIST_KEY_UIStatusBarStyle[sdk=iphoneos*]" = UIStatusBarStyleDefault;
				"INFOPLIST_KEY_UIStatusBarStyle[sdk=iphonesimulator*]" = UIStatusBarStyleDefault;
				INFOPLIST_KEY_UISupportedInterfaceOrientations_iPad = "UIInterfaceOrientationPortrait UIInterfaceOrientationPortraitUpsideDown UIInterfaceOrientationLandscapeLeft UIInterfaceOrientationLandscapeRight";
				INFOPLIST_KEY_UISupportedInterfaceOrientations_iPhone = "UIInterfaceOrientationPortrait UIInterfaceOrientationLandscapeLeft UIInterfaceOrientationLandscapeRight";
				IPHONEOS_DEPLOYMENT_TARGET = 16.4;
				LD_RUNPATH_SEARCH_PATHS = "@executable_path/Frameworks";
				"LD_RUNPATH_SEARCH_PATHS[sdk=macosx*]" = "@executable_path/../Frameworks";
				MACOSX_DEPLOYMENT_TARGET = 13.3;
				MARKETING_VERSION = 1.0;
				PRODUCT_BUNDLE_IDENTIFIER = me.kevinrpb.DartsScore;
				PRODUCT_NAME = "$(TARGET_NAME)";
				SDKROOT = auto;
				SUPPORTED_PLATFORMS = "iphoneos iphonesimulator";
				SUPPORTS_MACCATALYST = NO;
				SUPPORTS_MAC_DESIGNED_FOR_IPHONE_IPAD = NO;
				SWIFT_EMIT_LOC_STRINGS = YES;
				SWIFT_VERSION = 5.0;
				TARGETED_DEVICE_FAMILY = 1;
			};
			name = Release;
		};
/* End XCBuildConfiguration section */

/* Begin XCConfigurationList section */
		E3326BA729FE772C00248C8F /* Build configuration list for PBXProject "DartsScore" */ = {
			isa = XCConfigurationList;
			buildConfigurations = (
				E3326BB929FE772D00248C8F /* Debug */,
				E3326BBA29FE772D00248C8F /* Release */,
			);
			defaultConfigurationIsVisible = 0;
			defaultConfigurationName = Release;
		};
		E3326BBB29FE772D00248C8F /* Build configuration list for PBXNativeTarget "DartsScore" */ = {
			isa = XCConfigurationList;
			buildConfigurations = (
				E3326BBC29FE772D00248C8F /* Debug */,
				E3326BBD29FE772D00248C8F /* Release */,
			);
			defaultConfigurationIsVisible = 0;
			defaultConfigurationName = Release;
		};
/* End XCConfigurationList section */

/* Begin XCRemoteSwiftPackageReference section */
		E3A78D6E29FEA88400A1F439 /* XCRemoteSwiftPackageReference "Defaults" */ = {
			isa = XCRemoteSwiftPackageReference;
			repositoryURL = "https://github.com/sindresorhus/Defaults";
			requirement = {
				kind = upToNextMajorVersion;
				minimumVersion = 7.2.0;
			};
		};
/* End XCRemoteSwiftPackageReference section */

/* Begin XCSwiftPackageProductDependency section */
		E3A78D6A29FEA7AB00A1F439 /* CricketGame */ = {
			isa = XCSwiftPackageProductDependency;
			productName = CricketGame;
		};
		E3A78D6F29FEA88400A1F439 /* Defaults */ = {
			isa = XCSwiftPackageProductDependency;
			package = E3A78D6E29FEA88400A1F439 /* XCRemoteSwiftPackageReference "Defaults" */;
			productName = Defaults;
		};
/* End XCSwiftPackageProductDependency section */
	};
	rootObject = E3326BA429FE772C00248C8F /* Project object */;
}
